
Microsoft Visual Studio Solution File, Format Version 12.00
# Visual Studio Version 17
VisualStudioVersion = 17.6.33723.286
MinimumVisualStudioVersion = 10.0.40219.1
Project("{FAE04EC0-301F-11D3-BF4B-00C04F79EFBC}") = "Poe Part 2", "Poe Part 2.csproj", "{C26CB249-21D0-46C3-99CF-17E1D08DF132}"
EndProject
Global
	GlobalSection(SolutionConfigurationPlatforms) = preSolution
		Debug|Any CPU = Debug|Any CPU
		Release|Any CPU = Release|Any CPU
	EndGlobalSection
	GlobalSection(ProjectConfigurationPlatforms) = postSolution
		{C26CB249-21D0-46C3-99CF-17E1D08DF132}.Debug|Any CPU.ActiveCfg = Debug|Any CPU
		{C26CB249-21D0-46C3-99CF-17E1D08DF132}.Debug|Any CPU.Build.0 = Debug|Any CPU
		{C26CB249-21D0-46C3-99CF-17E1D08DF132}.Release|Any CPU.ActiveCfg = Release|Any CPU
		{C26CB249-21D0-46C3-99CF-17E1D08DF132}.Release|Any CPU.Build.0 = Release|Any CPU
	EndGlobalSection
	GlobalSection(SolutionProperties) = preSolution
		HideSolutionNode = FALSE
	EndGlobalSection
	GlobalSection(ExtensibilityGlobals) = postSolution
		SolutionGuid = {4DFE0A08-FF2E-4230-8D98-4FDB0F3F49DE}
	EndGlobalSection
EndGlobal
